
Microsoft Visual Studio Solution File, Format Version 12.00
# Visual Studio Version 17
VisualStudioVersion = 17.14.37216.2 d17.14
MinimumVisualStudioVersion = 10.0.40219.1
Project("{FAE04EC0-301F-11D3-BF4B-00C04F79EFBC}") = "ClinicApp", "ClinicApp\ClinicApp.csproj", "{7D74C3E5-437D-4651-8D8B-98CBF9C7990F}"
EndProject
Project("{FAE04EC0-301F-11D3-BF4B-00C04F79EFBC}") = "ClinicApp.Tests", "ClinicApp.Tests\ClinicApp.Tests.csproj", "{0ED6EA9F-8D83-43A6-BE2E-9A255D6E5873}"
EndProject
Project("{FAE04EC0-301F-11D3-BF4B-00C04F79EFBC}") = "ClinicApp.IntegrationTests", "ClinicApp.IntegrationTests\ClinicApp.IntegrationTests.csproj", "{38FD4038-B57F-4D3C-8DF8-5F97A836DF38}"
EndProject
Global
	GlobalSection(SolutionConfigurationPlatforms) = preSolution
		Debug|Any CPU = Debug|Any CPU
		Release|Any CPU = Release|Any CPU
	EndGlobalSection
	GlobalSection(ProjectConfigurationPlatforms) = postSolution
		{7D74C3E5-437D-4651-8D8B-98CBF9C7990F}.Debug|Any CPU.ActiveCfg = Debug|Any CPU
		{7D74C3E5-437D-4651-8D8B-98CBF9C7990F}.Debug|Any CPU.Build.0 = Debug|Any CPU
		{7D74C3E5-437D-4651-8D8B-98CBF9C7990F}.Release|Any CPU.ActiveCfg = Release|Any CPU
		{7D74C3E5-437D-4651-8D8B-98CBF9C7990F}.Release|Any CPU.Build.0 = Release|Any CPU
		{0ED6EA9F-8D83-43A6-BE2E-9A255D6E5873}.Debug|Any CPU.ActiveCfg = Debug|Any CPU
		{0ED6EA9F-8D83-43A6-BE2E-9A255D6E5873}.Debug|Any CPU.Build.0 = Debug|Any CPU
		{0ED6EA9F-8D83-43A6-BE2E-9A255D6E5873}.Release|Any CPU.ActiveCfg = Release|Any CPU
		{0ED6EA9F-8D83-43A6-BE2E-9A255D6E5873}.Release|Any CPU.Build.0 = Release|Any CPU
		{38FD4038-B57F-4D3C-8DF8-5F97A836DF38}.Debug|Any CPU.ActiveCfg = Debug|Any CPU
		{38FD4038-B57F-4D3C-8DF8-5F97A836DF38}.Debug|Any CPU.Build.0 = Debug|Any CPU
		{38FD4038-B57F-4D3C-8DF8-5F97A836DF38}.Release|Any CPU.ActiveCfg = Release|Any CPU
		{38FD4038-B57F-4D3C-8DF8-5F97A836DF38}.Release|Any CPU.Build.0 = Release|Any CPU
	EndGlobalSection
	GlobalSection(SolutionProperties) = preSolution
		HideSolutionNode = FALSE
	EndGlobalSection
	GlobalSection(ExtensibilityGlobals) = postSolution
		SolutionGuid = {7383177C-F25D-45B7-BCB4-3C7FDD06A5F3}
	EndGlobalSection
EndGlobal
